{
  "version": 4,
  "terraform_version": "1.10.1",
  "serial": 5,
  "lineage": "e5105870-01fc-17ba-e9dd-9123fb2eb725",
  "outputs": {},
  "resources": [
    {
      "mode": "data",
      "type": "azurerm_client_config",
      "name": "current",
      "provider": "provider[\"registry.terraform.io/hashicorp/azurerm\"]",
      "instances": [
        {
          "schema_version": 0,
          "attributes": {
            "client_id": "04b07795-8ddb-461a-bbee-02f9e1bf7b46",
            "id": "Y2xpZW50Q29uZmlncy9jbGllbnRJZD0wNGIwNzc5NS04ZGRiLTQ2MWEtYmJlZS0wMmY5ZTFiZjdiNDY7b2JqZWN0SWQ9N2NjMTBjZmItZjA3ZC00YWZjLWFiZTEtZGE0MDg3M2Q0NTU5O3N1YnNjcmlwdGlvbklkPTY3M2FmMzRkLTZiMjgtNDFkYy1iYzdiLWY1MDc0MTgwNDVlNjt0ZW5hbnRJZD02Y2U0ZjIzNy02NjdmLTQzZjUtYWFmZC1jYmVmOTU0YWRmOTc=",
            "object_id": "7cc10cfb-f07d-4afc-abe1-da40873d4559",
            "subscription_id": "673af34d-6b28-41dc-bc7b-f507418045e6",
            "tenant_id": "6ce4f237-667f-43f5-aafd-cbef954adf97",
            "timeouts": null
          },
          "sensitive_attributes": []
        }
      ]
    },
    {
      "mode": "managed",
      "type": "azurerm_resource_group",
      "name": "main",
      "provider": "provider[\"registry.terraform.io/hashicorp/azurerm\"]",
      "instances": [
        {
          "schema_version": 0,
          "attributes": {
            "id": "/subscriptions/673af34d-6b28-41dc-bc7b-f507418045e6/resourceGroups/rg-mcp-jzzw",
            "location": "germanywestcentral",
            "managed_by": "",
            "name": "rg-mcp-jzzw",
            "tags": null,
            "timeouts": null
          },
          "sensitive_attributes": [],
          "private": "eyJlMmJmYjczMC1lY2FhLTExZTYtOGY4OC0zNDM2M2JjN2M0YzAiOnsiY3JlYXRlIjo1NDAwMDAwMDAwMDAwLCJkZWxldGUiOjU0MDAwMDAwMDAwMDAsInJlYWQiOjMwMDAwMDAwMDAwMCwidXBkYXRlIjo1NDAwMDAwMDAwMDAwfX0=",
          "dependencies": [
            "random_string.main"
          ]
        }
      ]
    },
    {
      "mode": "managed",
      "type": "azurerm_role_assignment",
      "name": "aks_rg_contributor",
      "provider": "provider[\"registry.terraform.io/hashicorp/azurerm\"]",
      "instances": [
        {
          "schema_version": 0,
          "attributes": {
            "condition": "",
            "condition_version": "",
            "delegated_managed_identity_resource_id": "",
            "description": "",
            "id": "/subscriptions/673af34d-6b28-41dc-bc7b-f507418045e6/resourceGroups/rg-mcp-jzzw/providers/Microsoft.Authorization/roleAssignments/a248d94b-69e8-42f2-a36c-e87f4ae030f2",
            "name": "a248d94b-69e8-42f2-a36c-e87f4ae030f2",
            "principal_id": "7eca69fe-fe4e-4ea4-a4ee-2fe1e954d5dd",
            "principal_type": "ServicePrincipal",
            "role_definition_id": "/subscriptions/673af34d-6b28-41dc-bc7b-f507418045e6/providers/Microsoft.Authorization/roleDefinitions/b24988ac-6180-42a0-ab88-20f7382dd24c",
            "role_definition_name": "Contributor",
            "scope": "/subscriptions/673af34d-6b28-41dc-bc7b-f507418045e6/resourceGroups/rg-mcp-jzzw",
            "skip_service_principal_aad_check": null,
            "timeouts": null
          },
          "sensitive_attributes": [],
          "private": "eyJlMmJmYjczMC1lY2FhLTExZTYtOGY4OC0zNDM2M2JjN2M0YzAiOnsiY3JlYXRlIjoxODAwMDAwMDAwMDAwLCJkZWxldGUiOjE4MDAwMDAwMDAwMDAsInJlYWQiOjMwMDAwMDAwMDAwMH19",
          "dependencies": [
            "azurerm_resource_group.main",
            "azurerm_user_assigned_identity.main",
            "random_string.main"
          ]
        }
      ]
    },
    {
      "mode": "managed",
      "type": "azurerm_user_assigned_identity",
      "name": "main",
      "provider": "provider[\"registry.terraform.io/hashicorp/azurerm\"]",
      "instances": [
        {
          "schema_version": 1,
          "attributes": {
            "client_id": "60c7ee23-06c9-484b-95a4-90d5adcc3923",
            "id": "/subscriptions/673af34d-6b28-41dc-bc7b-f507418045e6/resourceGroups/rg-mcp-jzzw/providers/Microsoft.ManagedIdentity/userAssignedIdentities/mcp-jzzw-identity",
            "location": "germanywestcentral",
            "name": "mcp-jzzw-identity",
            "principal_id": "7eca69fe-fe4e-4ea4-a4ee-2fe1e954d5dd",
            "resource_group_name": "rg-mcp-jzzw",
            "tags": null,
            "tenant_id": "6ce4f237-667f-43f5-aafd-cbef954adf97",
            "timeouts": null
          },
          "sensitive_attributes": [],
          "private": "eyJlMmJmYjczMC1lY2FhLTExZTYtOGY4OC0zNDM2M2JjN2M0YzAiOnsiY3JlYXRlIjoxODAwMDAwMDAwMDAwLCJkZWxldGUiOjE4MDAwMDAwMDAwMDAsInJlYWQiOjMwMDAwMDAwMDAwMCwidXBkYXRlIjoxODAwMDAwMDAwMDAwfSwic2NoZW1hX3ZlcnNpb24iOiIxIn0=",
          "dependencies": [
            "azurerm_resource_group.main",
            "random_string.main"
          ]
        }
      ]
    },
    {
      "mode": "managed",
      "type": "random_string",
      "name": "main",
      "provider": "provider[\"registry.terraform.io/hashicorp/random\"]",
      "instances": [
        {
          "schema_version": 2,
          "attributes": {
            "id": "jzzw",
            "keepers": null,
            "length": 4,
            "lower": true,
            "min_lower": 0,
            "min_numeric": 0,
            "min_special": 0,
            "min_upper": 0,
            "number": false,
            "numeric": false,
            "override_special": null,
            "result": "jzzw",
            "special": false,
            "upper": false
          },
          "sensitive_attributes": []
        }
      ]
    }
  ],
  "check_results": null
}
